
Microsoft Visual Studio Solution File, Format Version 10.00
# Visual Studio 2008
Project("{FAE04EC0-301F-11D3-BF4B-00C04F79EFBC}") = "Autoupdater", "Autoupdater\Autoupdater.csproj", "{2D1B778B-1CD1-46E0-B3FF-9D94F448D595}"
EndProject
Global
	GlobalSection(SolutionConfigurationPlatforms) = preSolution
		Debug|Any CPU = Debug|Any CPU
		Release|Any CPU = Release|Any CPU
	EndGlobalSection
	GlobalSection(ProjectConfigurationPlatforms) = postSolution
		{2D1B778B-1CD1-46E0-B3FF-9D94F448D595}.Debug|Any CPU.ActiveCfg = Debug|Any CPU
		{2D1B778B-1CD1-46E0-B3FF-9D94F448D595}.Debug|Any CPU.Build.0 = Debug|Any CPU
		{2D1B778B-1CD1-46E0-B3FF-9D94F448D595}.Release|Any CPU.ActiveCfg = Release|Any CPU
		{2D1B778B-1CD1-46E0-B3FF-9D94F448D595}.Release|Any CPU.Build.0 = Release|Any CPU
	EndGlobalSection
	GlobalSection(SolutionProperties) = preSolution
		HideSolutionNode = FALSE
	EndGlobalSection
EndGlobal
